
Microsoft Visual Studio Solution File, Format Version 12.00
# Visual Studio 14
VisualStudioVersion = 14.0.25420.1
MinimumVisualStudioVersion = 10.0.40219.1
Project("{FAE04EC0-301F-11D3-BF4B-00C04F79EFBC}") = "EchoDesertTrips", "EchoDesertTrips\EchoDesertTrips.csproj", "{5C11E21D-20F3-4905-AF8F-741FE7057255}"
EndProject
Project("{2150E333-8FDC-42A3-9474-1A3956D46DE8}") = "Business", "Business", "{006ABA80-93C1-4F03-A708-6CE4A64F9D96}"
EndProject
Project("{2150E333-8FDC-42A3-9474-1A3956D46DE8}") = "Core", "Core", "{6D558BD6-45C5-4EAE-9B3B-5FADFF0E47F0}"
EndProject
Project("{2150E333-8FDC-42A3-9474-1A3956D46DE8}") = "Client", "Client", "{C177DD4E-6797-4D72-B878-5DDE18744CF8}"
EndProject
Project("{2150E333-8FDC-42A3-9474-1A3956D46DE8}") = "Tests", "Tests", "{0228220B-6D62-4719-86A1-CC5B996FE04A}"
EndProject
Project("{FAE04EC0-301F-11D3-BF4B-00C04F79EFBC}") = "EchoDesertTrips.Business.Entities", "EchoDesertTrips.Business.Entities\EchoDesertTrips.Business.Entities.csproj", "{5A7FB8AE-C1D7-412A-8882-E9E952A9256F}"
EndProject
Project("{FAE04EC0-301F-11D3-BF4B-00C04F79EFBC}") = "EchoDesertTrips.Client.Entities", "EchoDesertTrips.Client.Entities\EchoDesertTrips.Client.Entities.csproj", "{A098E49C-3A39-40FB-86A1-68891B9CCE4C}"
EndProject
Project("{FAE04EC0-301F-11D3-BF4B-00C04F79EFBC}") = "Core.Common.Contracts", "Core.Common.Contracts\Core.Common.Contracts.csproj", "{B279BD06-45E6-4785-B4D9-EEF8A392CF32}"
EndProject
Project("{FAE04EC0-301F-11D3-BF4B-00C04F79EFBC}") = "Core.Common", "Core.Common\Core.Common.csproj", "{C4635DF6-CC42-434F-ABF9-A23DCBBC9DEB}"
EndProject
Project("{2150E333-8FDC-42A3-9474-1A3956D46DE8}") = "Resource Access", "Resource Access", "{2AED6DF4-5681-4295-9259-EEFC8A9DB156}"
EndProject
Project("{FAE04EC0-301F-11D3-BF4B-00C04F79EFBC}") = "EchoDesertTrips.Data", "EchoDesertTrips.Data\EchoDesertTrips.Data.csproj", "{FB97FABA-1CB0-4A26-969F-3CA9EB63EC25}"
EndProject
Project("{FAE04EC0-301F-11D3-BF4B-00C04F79EFBC}") = "EchoDesertTrips.Data.Contracts", "EchoDesertTrips.Data.Contracts\EchoDesertTrips.Data.Contracts.csproj", "{9E8D4873-A6AB-46A1-BEF9-2E21DE8E45F3}"
EndProject
Project("{FAE04EC0-301F-11D3-BF4B-00C04F79EFBC}") = "EchoDesertTrips.Data.Tests", "EchoDesertTrips.Data.Tests\EchoDesertTrips.Data.Tests.csproj", "{7EFDDC46-2887-45C0-8CA9-C640E6ED5119}"
EndProject
Project("{FAE04EC0-301F-11D3-BF4B-00C04F79EFBC}") = "Bootstrapper", "Bootstrapper\Bootstrapper.csproj", "{5C126BE2-A806-4E1D-92C8-FBF6C5A25866}"
EndProject
Project("{FAE04EC0-301F-11D3-BF4B-00C04F79EFBC}") = "EchoDesertTrips.Business.Managers", "EchoDesertTrips.Business.Managers\EchoDesertTrips.Business.Managers.csproj", "{1DE742E3-CDD4-4ABF-BD33-AC439EBAAC32}"
EndProject
Project("{FAE04EC0-301F-11D3-BF4B-00C04F79EFBC}") = "EchoDesertTrips.Business.Contracts", "EchoDesertTrips.Business.Contracts\EchoDesertTrips.Business.Contracts.csproj", "{918C91CF-4713-4620-B9C0-8EEC95E5A9B6}"
EndProject
Project("{FAE04EC0-301F-11D3-BF4B-00C04F79EFBC}") = "EchoDesertTrips.Business", "EchoDesertTrips.Business\EchoDesertTrips.Business.csproj", "{321E4106-ADFE-4FAB-8279-77171D94DF21}"
EndProject
Project("{FAE04EC0-301F-11D3-BF4B-00C04F79EFBC}") = "EchoDesertTrips.Business.Common", "EchoDesertTrips.Business.Common\EchoDesertTrips.Business.Common.csproj", "{7A8A79DA-AE67-47A9-86BF-586D86EA7093}"
EndProject
Project("{2150E333-8FDC-42A3-9474-1A3956D46DE8}") = "Common", "Common", "{FF9911B3-50E6-4621-B059-332E67010C19}"
EndProject
Project("{FAE04EC0-301F-11D3-BF4B-00C04F79EFBC}") = "EchoDesertTrips.Common", "EchoDesertTrips.Common\EchoDesertTrips.Common.csproj", "{B47536EF-06E1-4AF2-8253-938AE63D8DDF}"
EndProject
Project("{FAE04EC0-301F-11D3-BF4B-00C04F79EFBC}") = "EchoDesertTrips.Business.Managers.Tests", "EchoDesertTrips.Business.Managers.Tests\EchoDesertTrips.Business.Managers.Tests.csproj", "{478FD457-8ECB-46AA-85F5-902B9D7F9D1D}"
EndProject
Project("{2150E333-8FDC-42A3-9474-1A3956D46DE8}") = "Hosting", "Hosting", "{C93E3E5B-73AF-4562-9F48-619692B8B8E9}"
EndProject
Project("{FAE04EC0-301F-11D3-BF4B-00C04F79EFBC}") = "EchoDesertTrips.ServiceHost.Console", "EchoDesertTrips.ServiceHost.Console\EchoDesertTrips.ServiceHost.Console.csproj", "{18AB9C0D-A4A8-49C5-A864-8143FBFD8160}"
EndProject
Project("{FAE04EC0-301F-11D3-BF4B-00C04F79EFBC}") = "EchoDesertTrips.ServiceHosts.Tests", "EchoDesertTrips.ServiceHosts.Tests\EchoDesertTrips.ServiceHosts.Tests.csproj", "{FA28BD85-5030-4697-A992-7B75EC8961A1}"
EndProject
Project("{FAE04EC0-301F-11D3-BF4B-00C04F79EFBC}") = "EchoDesertTrips.Client.Proxies", "EchoDesertTrips.Client.Proxies\EchoDesertTrips.Client.Proxies.csproj", "{55BE1B71-8C6E-4FBB-8FB6-1F969AE7309A}"
EndProject
Project("{FAE04EC0-301F-11D3-BF4B-00C04F79EFBC}") = "EchoDesertTrips.Client.Contracts", "EchoDesertTrips.Client.Contracts\EchoDesertTrips.Client.Contracts.csproj", "{BE74B75E-50B4-4B67-AEAF-CE184A2088EA}"
EndProject
Project("{FAE04EC0-301F-11D3-BF4B-00C04F79EFBC}") = "Core.Common.ServiceModel", "Core.Common.ServiceModel\Core.Common.ServiceModel.csproj", "{308F1C49-7CA1-4D8E-860F-D6A8309D99DF}"
EndProject
Project("{FAE04EC0-301F-11D3-BF4B-00C04F79EFBC}") = "EchoDesertTrips.Client.Bootstrapper", "EchoDesertTrips.Client.Bootstrapper\EchoDesertTrips.Client.Bootstrapper.csproj", "{EF80E25C-405C-42B9-9AC6-BE5873B8D76C}"
EndProject
Project("{FAE04EC0-301F-11D3-BF4B-00C04F79EFBC}") = "EchoDesertTrips.Client.Proxies.Test", "EchoDesertTrips.Client.Proxies.Test\EchoDesertTrips.Client.Proxies.Test.csproj", "{D123E0F1-7B31-475D-9C10-E9563CF55479}"
EndProject
Project("{FAE04EC0-301F-11D3-BF4B-00C04F79EFBC}") = "EchoDesertTrips.Desktop", "EchoDesertTrips.Desktop\EchoDesertTrips.Desktop.csproj", "{3CFC11E3-A3DA-48C9-A1A6-52B08A4DED58}"
EndProject
Project("{FAE04EC0-301F-11D3-BF4B-00C04F79EFBC}") = "Core.Common.UI", "Core.Common.UI\Core.Common.UI.csproj", "{97A944DD-8650-49C4-99BE-B56E3FF8CD81}"
EndProject
Project("{FAE04EC0-301F-11D3-BF4B-00C04F79EFBC}") = "EchoDesertTrips.Desktop.Tests", "EchoDesertTrips.Desktop.Tests\EchoDesertTrips.Desktop.Tests.csproj", "{4A861AB7-0118-4DB2-BC09-4E5D9BBFC293}"
EndProject
Project("{FAE04EC0-301F-11D3-BF4B-00C04F79EFBC}") = "EchoDesertTrips.Data.RepositoryTests", "EchoDesertTrips.Data.RepositoryTests\EchoDesertTrips.Data.RepositoryTests.csproj", "{08666F02-59BC-4F3F-86DD-B7B02A2C4307}"
EndProject
Project("{FAE04EC0-301F-11D3-BF4B-00C04F79EFBC}") = "EchoDesertTrips.Business.DbEntities", "EchoDesertTrips.Business.DbEntities\EchoDesertTrips.Business.DbEntities.csproj", "{D0F2B33A-2D31-4FA5-B10B-77342317ADC0}"
EndProject
Project("{FAE04EC0-301F-11D3-BF4B-00C04F79EFBC}") = "EchoDesertTrips.ServiceHost.EcoToursService", "EchoDesertTrips.ServiceHost.WindowsService\EchoDesertTrips.ServiceHost.EcoToursService.csproj", "{650C13A3-C1D5-4472-B493-D7E64BEFBD93}"
EndProject
Global
	GlobalSection(SolutionConfigurationPlatforms) = preSolution
		Debug|Any CPU = Debug|Any CPU
		Debug|x64 = Debug|x64
		Debug|x86 = Debug|x86
		Release|Any CPU = Release|Any CPU
		Release|x64 = Release|x64
		Release|x86 = Release|x86
	EndGlobalSection
	GlobalSection(ProjectConfigurationPlatforms) = postSolution
		{5C11E21D-20F3-4905-AF8F-741FE7057255}.Debug|Any CPU.ActiveCfg = Debug|Any CPU
		{5C11E21D-20F3-4905-AF8F-741FE7057255}.Debug|Any CPU.Build.0 = Debug|Any CPU
		{5C11E21D-20F3-4905-AF8F-741FE7057255}.Debug|x64.ActiveCfg = Debug|x64
		{5C11E21D-20F3-4905-AF8F-741FE7057255}.Debug|x64.Build.0 = Debug|x64
		{5C11E21D-20F3-4905-AF8F-741FE7057255}.Debug|x86.ActiveCfg = Debug|x86
		{5C11E21D-20F3-4905-AF8F-741FE7057255}.Debug|x86.Build.0 = Debug|x86
		{5C11E21D-20F3-4905-AF8F-741FE7057255}.Release|Any CPU.ActiveCfg = Release|Any CPU
		{5C11E21D-20F3-4905-AF8F-741FE7057255}.Release|Any CPU.Build.0 = Release|Any CPU
		{5C11E21D-20F3-4905-AF8F-741FE7057255}.Release|x64.ActiveCfg = Release|x64
		{5C11E21D-20F3-4905-AF8F-741FE7057255}.Release|x64.Build.0 = Release|x64
		{5C11E21D-20F3-4905-AF8F-741FE7057255}.Release|x86.ActiveCfg = Release|x86
		{5C11E21D-20F3-4905-AF8F-741FE7057255}.Release|x86.Build.0 = Release|x86
		{5A7FB8AE-C1D7-412A-8882-E9E952A9256F}.Debug|Any CPU.ActiveCfg = Debug|Any CPU
		{5A7FB8AE-C1D7-412A-8882-E9E952A9256F}.Debug|Any CPU.Build.0 = Debug|Any CPU
		{5A7FB8AE-C1D7-412A-8882-E9E952A9256F}.Debug|x64.ActiveCfg = Debug|x64
		{5A7FB8AE-C1D7-412A-8882-E9E952A9256F}.Debug|x64.Build.0 = Debug|x64
		{5A7FB8AE-C1D7-412A-8882-E9E952A9256F}.Debug|x86.ActiveCfg = Debug|x86
		{5A7FB8AE-C1D7-412A-8882-E9E952A9256F}.Debug|x86.Build.0 = Debug|x86
		{5A7FB8AE-C1D7-412A-8882-E9E952A9256F}.Release|Any CPU.ActiveCfg = Release|Any CPU
		{5A7FB8AE-C1D7-412A-8882-E9E952A9256F}.Release|Any CPU.Build.0 = Release|Any CPU
		{5A7FB8AE-C1D7-412A-8882-E9E952A9256F}.Release|x64.ActiveCfg = Release|x64
		{5A7FB8AE-C1D7-412A-8882-E9E952A9256F}.Release|x64.Build.0 = Release|x64
		{5A7FB8AE-C1D7-412A-8882-E9E952A9256F}.Release|x86.ActiveCfg = Release|x86
		{5A7FB8AE-C1D7-412A-8882-E9E952A9256F}.Release|x86.Build.0 = Release|x86
		{A098E49C-3A39-40FB-86A1-68891B9CCE4C}.Debug|Any CPU.ActiveCfg = Debug|Any CPU
		{A098E49C-3A39-40FB-86A1-68891B9CCE4C}.Debug|Any CPU.Build.0 = Debug|Any CPU
		{A098E49C-3A39-40FB-86A1-68891B9CCE4C}.Debug|x64.ActiveCfg = Debug|x64
		{A098E49C-3A39-40FB-86A1-68891B9CCE4C}.Debug|x64.Build.0 = Debug|x64
		{A098E49C-3A39-40FB-86A1-68891B9CCE4C}.Debug|x86.ActiveCfg = Debug|x86
		{A098E49C-3A39-40FB-86A1-68891B9CCE4C}.Debug|x86.Build.0 = Debug|x86
		{A098E49C-3A39-40FB-86A1-68891B9CCE4C}.Release|Any CPU.ActiveCfg = Release|Any CPU
		{A098E49C-3A39-40FB-86A1-68891B9CCE4C}.Release|Any CPU.Build.0 = Release|Any CPU
		{A098E49C-3A39-40FB-86A1-68891B9CCE4C}.Release|x64.ActiveCfg = Release|x64
		{A098E49C-3A39-40FB-86A1-68891B9CCE4C}.Release|x64.Build.0 = Release|x64
		{A098E49C-3A39-40FB-86A1-68891B9CCE4C}.Release|x86.ActiveCfg = Release|x86
		{A098E49C-3A39-40FB-86A1-68891B9CCE4C}.Release|x86.Build.0 = Release|x86
		{B279BD06-45E6-4785-B4D9-EEF8A392CF32}.Debug|Any CPU.ActiveCfg = Debug|Any CPU
		{B279BD06-45E6-4785-B4D9-EEF8A392CF32}.Debug|Any CPU.Build.0 = Debug|Any CPU
		{B279BD06-45E6-4785-B4D9-EEF8A392CF32}.Debug|x64.ActiveCfg = Debug|x64
		{B279BD06-45E6-4785-B4D9-EEF8A392CF32}.Debug|x64.Build.0 = Debug|x64
		{B279BD06-45E6-4785-B4D9-EEF8A392CF32}.Debug|x86.ActiveCfg = Debug|x86
		{B279BD06-45E6-4785-B4D9-EEF8A392CF32}.Debug|x86.Build.0 = Debug|x86
		{B279BD06-45E6-4785-B4D9-EEF8A392CF32}.Release|Any CPU.ActiveCfg = Release|Any CPU
		{B279BD06-45E6-4785-B4D9-EEF8A392CF32}.Release|Any CPU.Build.0 = Release|Any CPU
		{B279BD06-45E6-4785-B4D9-EEF8A392CF32}.Release|x64.ActiveCfg = Release|x64
		{B279BD06-45E6-4785-B4D9-EEF8A392CF32}.Release|x64.Build.0 = Release|x64
		{B279BD06-45E6-4785-B4D9-EEF8A392CF32}.Release|x86.ActiveCfg = Release|x86
		{B279BD06-45E6-4785-B4D9-EEF8A392CF32}.Release|x86.Build.0 = Release|x86
		{C4635DF6-CC42-434F-ABF9-A23DCBBC9DEB}.Debug|Any CPU.ActiveCfg = Debug|Any CPU
		{C4635DF6-CC42-434F-ABF9-A23DCBBC9DEB}.Debug|Any CPU.Build.0 = Debug|Any CPU
		{C4635DF6-CC42-434F-ABF9-A23DCBBC9DEB}.Debug|x64.ActiveCfg = Debug|x64
		{C4635DF6-CC42-434F-ABF9-A23DCBBC9DEB}.Debug|x64.Build.0 = Debug|x64
		{C4635DF6-CC42-434F-ABF9-A23DCBBC9DEB}.Debug|x86.ActiveCfg = Debug|x86
		{C4635DF6-CC42-434F-ABF9-A23DCBBC9DEB}.Debug|x86.Build.0 = Debug|x86
		{C4635DF6-CC42-434F-ABF9-A23DCBBC9DEB}.Release|Any CPU.ActiveCfg = Release|Any CPU
		{C4635DF6-CC42-434F-ABF9-A23DCBBC9DEB}.Release|Any CPU.Build.0 = Release|Any CPU
		{C4635DF6-CC42-434F-ABF9-A23DCBBC9DEB}.Release|x64.ActiveCfg = Release|x64
		{C4635DF6-CC42-434F-ABF9-A23DCBBC9DEB}.Release|x64.Build.0 = Release|x64
		{C4635DF6-CC42-434F-ABF9-A23DCBBC9DEB}.Release|x86.ActiveCfg = Release|x86
		{C4635DF6-CC42-434F-ABF9-A23DCBBC9DEB}.Release|x86.Build.0 = Release|x86
		{FB97FABA-1CB0-4A26-969F-3CA9EB63EC25}.Debug|Any CPU.ActiveCfg = Debug|Any CPU
		{FB97FABA-1CB0-4A26-969F-3CA9EB63EC25}.Debug|Any CPU.Build.0 = Debug|Any CPU
		{FB97FABA-1CB0-4A26-969F-3CA9EB63EC25}.Debug|x64.ActiveCfg = Debug|x64
		{FB97FABA-1CB0-4A26-969F-3CA9EB63EC25}.Debug|x64.Build.0 = Debug|x64
		{FB97FABA-1CB0-4A26-969F-3CA9EB63EC25}.Debug|x86.ActiveCfg = Debug|x86
		{FB97FABA-1CB0-4A26-969F-3CA9EB63EC25}.Debug|x86.Build.0 = Debug|x86
		{FB97FABA-1CB0-4A26-969F-3CA9EB63EC25}.Release|Any CPU.ActiveCfg = Release|Any CPU
		{FB97FABA-1CB0-4A26-969F-3CA9EB63EC25}.Release|Any CPU.Build.0 = Release|Any CPU
		{FB97FABA-1CB0-4A26-969F-3CA9EB63EC25}.Release|x64.ActiveCfg = Release|x64
		{FB97FABA-1CB0-4A26-969F-3CA9EB63EC25}.Release|x64.Build.0 = Release|x64
		{FB97FABA-1CB0-4A26-969F-3CA9EB63EC25}.Release|x86.ActiveCfg = Release|x86
		{FB97FABA-1CB0-4A26-969F-3CA9EB63EC25}.Release|x86.Build.0 = Release|x86
		{9E8D4873-A6AB-46A1-BEF9-2E21DE8E45F3}.Debug|Any CPU.ActiveCfg = Debug|Any CPU
		{9E8D4873-A6AB-46A1-BEF9-2E21DE8E45F3}.Debug|Any CPU.Build.0 = Debug|Any CPU
		{9E8D4873-A6AB-46A1-BEF9-2E21DE8E45F3}.Debug|x64.ActiveCfg = Debug|x64
		{9E8D4873-A6AB-46A1-BEF9-2E21DE8E45F3}.Debug|x64.Build.0 = Debug|x64
		{9E8D4873-A6AB-46A1-BEF9-2E21DE8E45F3}.Debug|x86.ActiveCfg = Debug|x86
		{9E8D4873-A6AB-46A1-BEF9-2E21DE8E45F3}.Debug|x86.Build.0 = Debug|x86
		{9E8D4873-A6AB-46A1-BEF9-2E21DE8E45F3}.Release|Any CPU.ActiveCfg = Release|Any CPU
		{9E8D4873-A6AB-46A1-BEF9-2E21DE8E45F3}.Release|Any CPU.Build.0 = Release|Any CPU
		{9E8D4873-A6AB-46A1-BEF9-2E21DE8E45F3}.Release|x64.ActiveCfg = Release|x64
		{9E8D4873-A6AB-46A1-BEF9-2E21DE8E45F3}.Release|x64.Build.0 = Release|x64
		{9E8D4873-A6AB-46A1-BEF9-2E21DE8E45F3}.Release|x86.ActiveCfg = Release|x86
		{9E8D4873-A6AB-46A1-BEF9-2E21DE8E45F3}.Release|x86.Build.0 = Release|x86
		{7EFDDC46-2887-45C0-8CA9-C640E6ED5119}.Debug|Any CPU.ActiveCfg = Debug|Any CPU
		{7EFDDC46-2887-45C0-8CA9-C640E6ED5119}.Debug|Any CPU.Build.0 = Debug|Any CPU
		{7EFDDC46-2887-45C0-8CA9-C640E6ED5119}.Debug|x64.ActiveCfg = Debug|x64
		{7EFDDC46-2887-45C0-8CA9-C640E6ED5119}.Debug|x64.Build.0 = Debug|x64
		{7EFDDC46-2887-45C0-8CA9-C640E6ED5119}.Debug|x86.ActiveCfg = Debug|x86
		{7EFDDC46-2887-45C0-8CA9-C640E6ED5119}.Debug|x86.Build.0 = Debug|x86
		{7EFDDC46-2887-45C0-8CA9-C640E6ED5119}.Release|Any CPU.ActiveCfg = Release|Any CPU
		{7EFDDC46-2887-45C0-8CA9-C640E6ED5119}.Release|Any CPU.Build.0 = Release|Any CPU
		{7EFDDC46-2887-45C0-8CA9-C640E6ED5119}.Release|x64.ActiveCfg = Release|x64
		{7EFDDC46-2887-45C0-8CA9-C640E6ED5119}.Release|x64.Build.0 = Release|x64
		{7EFDDC46-2887-45C0-8CA9-C640E6ED5119}.Release|x86.ActiveCfg = Release|x86
		{7EFDDC46-2887-45C0-8CA9-C640E6ED5119}.Release|x86.Build.0 = Release|x86
		{5C126BE2-A806-4E1D-92C8-FBF6C5A25866}.Debug|Any CPU.ActiveCfg = Debug|Any CPU
		{5C126BE2-A806-4E1D-92C8-FBF6C5A25866}.Debug|Any CPU.Build.0 = Debug|Any CPU
		{5C126BE2-A806-4E1D-92C8-FBF6C5A25866}.Debug|x64.ActiveCfg = Debug|x64
		{5C126BE2-A806-4E1D-92C8-FBF6C5A25866}.Debug|x64.Build.0 = Debug|x64
		{5C126BE2-A806-4E1D-92C8-FBF6C5A25866}.Debug|x86.ActiveCfg = Debug|x86
		{5C126BE2-A806-4E1D-92C8-FBF6C5A25866}.Debug|x86.Build.0 = Debug|x86
		{5C126BE2-A806-4E1D-92C8-FBF6C5A25866}.Release|Any CPU.ActiveCfg = Release|Any CPU
		{5C126BE2-A806-4E1D-92C8-FBF6C5A25866}.Release|Any CPU.Build.0 = Release|Any CPU
		{5C126BE2-A806-4E1D-92C8-FBF6C5A25866}.Release|x64.ActiveCfg = Release|x64
		{5C126BE2-A806-4E1D-92C8-FBF6C5A25866}.Release|x64.Build.0 = Release|x64
		{5C126BE2-A806-4E1D-92C8-FBF6C5A25866}.Release|x86.ActiveCfg = Release|x86
		{5C126BE2-A806-4E1D-92C8-FBF6C5A25866}.Release|x86.Build.0 = Release|x86
		{1DE742E3-CDD4-4ABF-BD33-AC439EBAAC32}.Debug|Any CPU.ActiveCfg = Debug|Any CPU
		{1DE742E3-CDD4-4ABF-BD33-AC439EBAAC32}.Debug|Any CPU.Build.0 = Debug|Any CPU
		{1DE742E3-CDD4-4ABF-BD33-AC439EBAAC32}.Debug|x64.ActiveCfg = Debug|x64
		{1DE742E3-CDD4-4ABF-BD33-AC439EBAAC32}.Debug|x64.Build.0 = Debug|x64
		{1DE742E3-CDD4-4ABF-BD33-AC439EBAAC32}.Debug|x86.ActiveCfg = Debug|x86
		{1DE742E3-CDD4-4ABF-BD33-AC439EBAAC32}.Debug|x86.Build.0 = Debug|x86
		{1DE742E3-CDD4-4ABF-BD33-AC439EBAAC32}.Release|Any CPU.ActiveCfg = Release|Any CPU
		{1DE742E3-CDD4-4ABF-BD33-AC439EBAAC32}.Release|Any CPU.Build.0 = Release|Any CPU
		{1DE742E3-CDD4-4ABF-BD33-AC439EBAAC32}.Release|x64.ActiveCfg = Release|x64
		{1DE742E3-CDD4-4ABF-BD33-AC439EBAAC32}.Release|x64.Build.0 = Release|x64
		{1DE742E3-CDD4-4ABF-BD33-AC439EBAAC32}.Release|x86.ActiveCfg = Release|x86
		{1DE742E3-CDD4-4ABF-BD33-AC439EBAAC32}.Release|x86.Build.0 = Release|x86
		{918C91CF-4713-4620-B9C0-8EEC95E5A9B6}.Debug|Any CPU.ActiveCfg = Debug|Any CPU
		{918C91CF-4713-4620-B9C0-8EEC95E5A9B6}.Debug|Any CPU.Build.0 = Debug|Any CPU
		{918C91CF-4713-4620-B9C0-8EEC95E5A9B6}.Debug|x64.ActiveCfg = Debug|x64
		{918C91CF-4713-4620-B9C0-8EEC95E5A9B6}.Debug|x64.Build.0 = Debug|x64
		{918C91CF-4713-4620-B9C0-8EEC95E5A9B6}.Debug|x86.ActiveCfg = Debug|x86
		{918C91CF-4713-4620-B9C0-8EEC95E5A9B6}.Debug|x86.Build.0 = Debug|x86
		{918C91CF-4713-4620-B9C0-8EEC95E5A9B6}.Release|Any CPU.ActiveCfg = Release|Any CPU
		{918C91CF-4713-4620-B9C0-8EEC95E5A9B6}.Release|Any CPU.Build.0 = Release|Any CPU
		{918C91CF-4713-4620-B9C0-8EEC95E5A9B6}.Release|x64.ActiveCfg = Release|x64
		{918C91CF-4713-4620-B9C0-8EEC95E5A9B6}.Release|x64.Build.0 = Release|x64
		{918C91CF-4713-4620-B9C0-8EEC95E5A9B6}.Release|x86.ActiveCfg = Release|x86
		{918C91CF-4713-4620-B9C0-8EEC95E5A9B6}.Release|x86.Build.0 = Release|x86
		{321E4106-ADFE-4FAB-8279-77171D94DF21}.Debug|Any CPU.ActiveCfg = Debug|Any CPU
		{321E4106-ADFE-4FAB-8279-77171D94DF21}.Debug|Any CPU.Build.0 = Debug|Any CPU
		{321E4106-ADFE-4FAB-8279-77171D94DF21}.Debug|x64.ActiveCfg = Debug|x64
		{321E4106-ADFE-4FAB-8279-77171D94DF21}.Debug|x64.Build.0 = Debug|x64
		{321E4106-ADFE-4FAB-8279-77171D94DF21}.Debug|x86.ActiveCfg = Debug|x86
		{321E4106-ADFE-4FAB-8279-77171D94DF21}.Debug|x86.Build.0 = Debug|x86
		{321E4106-ADFE-4FAB-8279-77171D94DF21}.Release|Any CPU.ActiveCfg = Release|Any CPU
		{321E4106-ADFE-4FAB-8279-77171D94DF21}.Release|Any CPU.Build.0 = Release|Any CPU
		{321E4106-ADFE-4FAB-8279-77171D94DF21}.Release|x64.ActiveCfg = Release|x64
		{321E4106-ADFE-4FAB-8279-77171D94DF21}.Release|x64.Build.0 = Release|x64
		{321E4106-ADFE-4FAB-8279-77171D94DF21}.Release|x86.ActiveCfg = Release|x86
		{321E4106-ADFE-4FAB-8279-77171D94DF21}.Release|x86.Build.0 = Release|x86
		{7A8A79DA-AE67-47A9-86BF-586D86EA7093}.Debug|Any CPU.ActiveCfg = Debug|Any CPU
		{7A8A79DA-AE67-47A9-86BF-586D86EA7093}.Debug|Any CPU.Build.0 = Debug|Any CPU
		{7A8A79DA-AE67-47A9-86BF-586D86EA7093}.Debug|x64.ActiveCfg = Debug|x64
		{7A8A79DA-AE67-47A9-86BF-586D86EA7093}.Debug|x64.Build.0 = Debug|x64
		{7A8A79DA-AE67-47A9-86BF-586D86EA7093}.Debug|x86.ActiveCfg = Debug|x86
		{7A8A79DA-AE67-47A9-86BF-586D86EA7093}.Debug|x86.Build.0 = Debug|x86
		{7A8A79DA-AE67-47A9-86BF-586D86EA7093}.Release|Any CPU.ActiveCfg = Release|Any CPU
		{7A8A79DA-AE67-47A9-86BF-586D86EA7093}.Release|Any CPU.Build.0 = Release|Any CPU
		{7A8A79DA-AE67-47A9-86BF-586D86EA7093}.Release|x64.ActiveCfg = Release|x64
		{7A8A79DA-AE67-47A9-86BF-586D86EA7093}.Release|x64.Build.0 = Release|x64
		{7A8A79DA-AE67-47A9-86BF-586D86EA7093}.Release|x86.ActiveCfg = Release|x86
		{7A8A79DA-AE67-47A9-86BF-586D86EA7093}.Release|x86.Build.0 = Release|x86
		{B47536EF-06E1-4AF2-8253-938AE63D8DDF}.Debug|Any CPU.ActiveCfg = Debug|Any CPU
		{B47536EF-06E1-4AF2-8253-938AE63D8DDF}.Debug|Any CPU.Build.0 = Debug|Any CPU
		{B47536EF-06E1-4AF2-8253-938AE63D8DDF}.Debug|x64.ActiveCfg = Debug|x64
		{B47536EF-06E1-4AF2-8253-938AE63D8DDF}.Debug|x64.Build.0 = Debug|x64
		{B47536EF-06E1-4AF2-8253-938AE63D8DDF}.Debug|x86.ActiveCfg = Debug|x86
		{B47536EF-06E1-4AF2-8253-938AE63D8DDF}.Debug|x86.Build.0 = Debug|x86
		{B47536EF-06E1-4AF2-8253-938AE63D8DDF}.Release|Any CPU.ActiveCfg = Release|Any CPU
		{B47536EF-06E1-4AF2-8253-938AE63D8DDF}.Release|Any CPU.Build.0 = Release|Any CPU
		{B47536EF-06E1-4AF2-8253-938AE63D8DDF}.Release|x64.ActiveCfg = Release|x64
		{B47536EF-06E1-4AF2-8253-938AE63D8DDF}.Release|x64.Build.0 = Release|x64
		{B47536EF-06E1-4AF2-8253-938AE63D8DDF}.Release|x86.ActiveCfg = Release|x86
		{B47536EF-06E1-4AF2-8253-938AE63D8DDF}.Release|x86.Build.0 = Release|x86
		{478FD457-8ECB-46AA-85F5-902B9D7F9D1D}.Debug|Any CPU.ActiveCfg = Debug|Any CPU
		{478FD457-8ECB-46AA-85F5-902B9D7F9D1D}.Debug|Any CPU.Build.0 = Debug|Any CPU
		{478FD457-8ECB-46AA-85F5-902B9D7F9D1D}.Debug|x64.ActiveCfg = Debug|x64
		{478FD457-8ECB-46AA-85F5-902B9D7F9D1D}.Debug|x64.Build.0 = Debug|x64
		{478FD457-8ECB-46AA-85F5-902B9D7F9D1D}.Debug|x86.ActiveCfg = Debug|x86
		{478FD457-8ECB-46AA-85F5-902B9D7F9D1D}.Debug|x86.Build.0 = Debug|x86
		{478FD457-8ECB-46AA-85F5-902B9D7F9D1D}.Release|Any CPU.ActiveCfg = Release|Any CPU
		{478FD457-8ECB-46AA-85F5-902B9D7F9D1D}.Release|Any CPU.Build.0 = Release|Any CPU
		{478FD457-8ECB-46AA-85F5-902B9D7F9D1D}.Release|x64.ActiveCfg = Release|x64
		{478FD457-8ECB-46AA-85F5-902B9D7F9D1D}.Release|x64.Build.0 = Release|x64
		{478FD457-8ECB-46AA-85F5-902B9D7F9D1D}.Release|x86.ActiveCfg = Release|x86
		{478FD457-8ECB-46AA-85F5-902B9D7F9D1D}.Release|x86.Build.0 = Release|x86
		{18AB9C0D-A4A8-49C5-A864-8143FBFD8160}.Debug|Any CPU.ActiveCfg = Debug|Any CPU
		{18AB9C0D-A4A8-49C5-A864-8143FBFD8160}.Debug|Any CPU.Build.0 = Debug|Any CPU
		{18AB9C0D-A4A8-49C5-A864-8143FBFD8160}.Debug|x64.ActiveCfg = Debug|x64
		{18AB9C0D-A4A8-49C5-A864-8143FBFD8160}.Debug|x64.Build.0 = Debug|x64
		{18AB9C0D-A4A8-49C5-A864-8143FBFD8160}.Debug|x86.ActiveCfg = Debug|x86
		{18AB9C0D-A4A8-49C5-A864-8143FBFD8160}.Debug|x86.Build.0 = Debug|x86
		{18AB9C0D-A4A8-49C5-A864-8143FBFD8160}.Release|Any CPU.ActiveCfg = Release|Any CPU
		{18AB9C0D-A4A8-49C5-A864-8143FBFD8160}.Release|Any CPU.Build.0 = Release|Any CPU
		{18AB9C0D-A4A8-49C5-A864-8143FBFD8160}.Release|x64.ActiveCfg = Release|x64
		{18AB9C0D-A4A8-49C5-A864-8143FBFD8160}.Release|x64.Build.0 = Release|x64
		{18AB9C0D-A4A8-49C5-A864-8143FBFD8160}.Release|x86.ActiveCfg = Release|x86
		{18AB9C0D-A4A8-49C5-A864-8143FBFD8160}.Release|x86.Build.0 = Release|x86
		{FA28BD85-5030-4697-A992-7B75EC8961A1}.Debug|Any CPU.ActiveCfg = Debug|Any CPU
		{FA28BD85-5030-4697-A992-7B75EC8961A1}.Debug|Any CPU.Build.0 = Debug|Any CPU
		{FA28BD85-5030-4697-A992-7B75EC8961A1}.Debug|x64.ActiveCfg = Debug|x64
		{FA28BD85-5030-4697-A992-7B75EC8961A1}.Debug|x64.Build.0 = Debug|x64
		{FA28BD85-5030-4697-A992-7B75EC8961A1}.Debug|x86.ActiveCfg = Debug|x86
		{FA28BD85-5030-4697-A992-7B75EC8961A1}.Debug|x86.Build.0 = Debug|x86
		{FA28BD85-5030-4697-A992-7B75EC8961A1}.Release|Any CPU.ActiveCfg = Release|Any CPU
		{FA28BD85-5030-4697-A992-7B75EC8961A1}.Release|Any CPU.Build.0 = Release|Any CPU
		{FA28BD85-5030-4697-A992-7B75EC8961A1}.Release|x64.ActiveCfg = Release|x64
		{FA28BD85-5030-4697-A992-7B75EC8961A1}.Release|x64.Build.0 = Release|x64
		{FA28BD85-5030-4697-A992-7B75EC8961A1}.Release|x86.ActiveCfg = Release|x86
		{FA28BD85-5030-4697-A992-7B75EC8961A1}.Release|x86.Build.0 = Release|x86
		{55BE1B71-8C6E-4FBB-8FB6-1F969AE7309A}.Debug|Any CPU.ActiveCfg = Debug|Any CPU
		{55BE1B71-8C6E-4FBB-8FB6-1F969AE7309A}.Debug|Any CPU.Build.0 = Debug|Any CPU
		{55BE1B71-8C6E-4FBB-8FB6-1F969AE7309A}.Debug|x64.ActiveCfg = Debug|x64
		{55BE1B71-8C6E-4FBB-8FB6-1F969AE7309A}.Debug|x64.Build.0 = Debug|x64
		{55BE1B71-8C6E-4FBB-8FB6-1F969AE7309A}.Debug|x86.ActiveCfg = Debug|x86
		{55BE1B71-8C6E-4FBB-8FB6-1F969AE7309A}.Debug|x86.Build.0 = Debug|x86
		{55BE1B71-8C6E-4FBB-8FB6-1F969AE7309A}.Release|Any CPU.ActiveCfg = Release|Any CPU
		{55BE1B71-8C6E-4FBB-8FB6-1F969AE7309A}.Release|Any CPU.Build.0 = Release|Any CPU
		{55BE1B71-8C6E-4FBB-8FB6-1F969AE7309A}.Release|x64.ActiveCfg = Release|x64
		{55BE1B71-8C6E-4FBB-8FB6-1F969AE7309A}.Release|x64.Build.0 = Release|x64
		{55BE1B71-8C6E-4FBB-8FB6-1F969AE7309A}.Release|x86.ActiveCfg = Release|x86
		{55BE1B71-8C6E-4FBB-8FB6-1F969AE7309A}.Release|x86.Build.0 = Release|x86
		{BE74B75E-50B4-4B67-AEAF-CE184A2088EA}.Debug|Any CPU.ActiveCfg = Debug|Any CPU
		{BE74B75E-50B4-4B67-AEAF-CE184A2088EA}.Debug|Any CPU.Build.0 = Debug|Any CPU
		{BE74B75E-50B4-4B67-AEAF-CE184A2088EA}.Debug|x64.ActiveCfg = Debug|x64
		{BE74B75E-50B4-4B67-AEAF-CE184A2088EA}.Debug|x64.Build.0 = Debug|x64
		{BE74B75E-50B4-4B67-AEAF-CE184A2088EA}.Debug|x86.ActiveCfg = Debug|x86
		{BE74B75E-50B4-4B67-AEAF-CE184A2088EA}.Debug|x86.Build.0 = Debug|x86
		{BE74B75E-50B4-4B67-AEAF-CE184A2088EA}.Release|Any CPU.ActiveCfg = Release|Any CPU
		{BE74B75E-50B4-4B67-AEAF-CE184A2088EA}.Release|Any CPU.Build.0 = Release|Any CPU
		{BE74B75E-50B4-4B67-AEAF-CE184A2088EA}.Release|x64.ActiveCfg = Release|x64
		{BE74B75E-50B4-4B67-AEAF-CE184A2088EA}.Release|x64.Build.0 = Release|x64
		{BE74B75E-50B4-4B67-AEAF-CE184A2088EA}.Release|x86.ActiveCfg = Release|x86
		{BE74B75E-50B4-4B67-AEAF-CE184A2088EA}.Release|x86.Build.0 = Release|x86
		{308F1C49-7CA1-4D8E-860F-D6A8309D99DF}.Debug|Any CPU.ActiveCfg = Debug|Any CPU
		{308F1C49-7CA1-4D8E-860F-D6A8309D99DF}.Debug|Any CPU.Build.0 = Debug|Any CPU
		{308F1C49-7CA1-4D8E-860F-D6A8309D99DF}.Debug|x64.ActiveCfg = Debug|x64
		{308F1C49-7CA1-4D8E-860F-D6A8309D99DF}.Debug|x64.Build.0 = Debug|x64
		{308F1C49-7CA1-4D8E-860F-D6A8309D99DF}.Debug|x86.ActiveCfg = Debug|x86
		{308F1C49-7CA1-4D8E-860F-D6A8309D99DF}.Debug|x86.Build.0 = Debug|x86
		{308F1C49-7CA1-4D8E-860F-D6A8309D99DF}.Release|Any CPU.ActiveCfg = Release|Any CPU
		{308F1C49-7CA1-4D8E-860F-D6A8309D99DF}.Release|Any CPU.Build.0 = Release|Any CPU
		{308F1C49-7CA1-4D8E-860F-D6A8309D99DF}.Release|x64.ActiveCfg = Release|x64
		{308F1C49-7CA1-4D8E-860F-D6A8309D99DF}.Release|x64.Build.0 = Release|x64
		{308F1C49-7CA1-4D8E-860F-D6A8309D99DF}.Release|x86.ActiveCfg = Release|x86
		{308F1C49-7CA1-4D8E-860F-D6A8309D99DF}.Release|x86.Build.0 = Release|x86
		{EF80E25C-405C-42B9-9AC6-BE5873B8D76C}.Debug|Any CPU.ActiveCfg = Debug|Any CPU
		{EF80E25C-405C-42B9-9AC6-BE5873B8D76C}.Debug|Any CPU.Build.0 = Debug|Any CPU
		{EF80E25C-405C-42B9-9AC6-BE5873B8D76C}.Debug|x64.ActiveCfg = Debug|x64
		{EF80E25C-405C-42B9-9AC6-BE5873B8D76C}.Debug|x64.Build.0 = Debug|x64
		{EF80E25C-405C-42B9-9AC6-BE5873B8D76C}.Debug|x86.ActiveCfg = Debug|x86
		{EF80E25C-405C-42B9-9AC6-BE5873B8D76C}.Debug|x86.Build.0 = Debug|x86
		{EF80E25C-405C-42B9-9AC6-BE5873B8D76C}.Release|Any CPU.ActiveCfg = Release|Any CPU
		{EF80E25C-405C-42B9-9AC6-BE5873B8D76C}.Release|Any CPU.Build.0 = Release|Any CPU
		{EF80E25C-405C-42B9-9AC6-BE5873B8D76C}.Release|x64.ActiveCfg = Release|x64
		{EF80E25C-405C-42B9-9AC6-BE5873B8D76C}.Release|x64.Build.0 = Release|x64
		{EF80E25C-405C-42B9-9AC6-BE5873B8D76C}.Release|x86.ActiveCfg = Release|x86
		{EF80E25C-405C-42B9-9AC6-BE5873B8D76C}.Release|x86.Build.0 = Release|x86
		{D123E0F1-7B31-475D-9C10-E9563CF55479}.Debug|Any CPU.ActiveCfg = Debug|Any CPU
		{D123E0F1-7B31-475D-9C10-E9563CF55479}.Debug|Any CPU.Build.0 = Debug|Any CPU
		{D123E0F1-7B31-475D-9C10-E9563CF55479}.Debug|x64.ActiveCfg = Debug|x64
		{D123E0F1-7B31-475D-9C10-E9563CF55479}.Debug|x64.Build.0 = Debug|x64
		{D123E0F1-7B31-475D-9C10-E9563CF55479}.Debug|x86.ActiveCfg = Debug|x86
		{D123E0F1-7B31-475D-9C10-E9563CF55479}.Debug|x86.Build.0 = Debug|x86
		{D123E0F1-7B31-475D-9C10-E9563CF55479}.Release|Any CPU.ActiveCfg = Release|Any CPU
		{D123E0F1-7B31-475D-9C10-E9563CF55479}.Release|Any CPU.Build.0 = Release|Any CPU
		{D123E0F1-7B31-475D-9C10-E9563CF55479}.Release|x64.ActiveCfg = Release|x64
		{D123E0F1-7B31-475D-9C10-E9563CF55479}.Release|x64.Build.0 = Release|x64
		{D123E0F1-7B31-475D-9C10-E9563CF55479}.Release|x86.ActiveCfg = Release|x86
		{D123E0F1-7B31-475D-9C10-E9563CF55479}.Release|x86.Build.0 = Release|x86
		{3CFC11E3-A3DA-48C9-A1A6-52B08A4DED58}.Debug|Any CPU.ActiveCfg = Debug|Any CPU
		{3CFC11E3-A3DA-48C9-A1A6-52B08A4DED58}.Debug|Any CPU.Build.0 = Debug|Any CPU
		{3CFC11E3-A3DA-48C9-A1A6-52B08A4DED58}.Debug|x64.ActiveCfg = Debug|x64
		{3CFC11E3-A3DA-48C9-A1A6-52B08A4DED58}.Debug|x64.Build.0 = Debug|x64
		{3CFC11E3-A3DA-48C9-A1A6-52B08A4DED58}.Debug|x86.ActiveCfg = Debug|x86
		{3CFC11E3-A3DA-48C9-A1A6-52B08A4DED58}.Debug|x86.Build.0 = Debug|x86
		{3CFC11E3-A3DA-48C9-A1A6-52B08A4DED58}.Release|Any CPU.ActiveCfg = Release|Any CPU
		{3CFC11E3-A3DA-48C9-A1A6-52B08A4DED58}.Release|Any CPU.Build.0 = Release|Any CPU
		{3CFC11E3-A3DA-48C9-A1A6-52B08A4DED58}.Release|x64.ActiveCfg = Release|x64
		{3CFC11E3-A3DA-48C9-A1A6-52B08A4DED58}.Release|x64.Build.0 = Release|x64
		{3CFC11E3-A3DA-48C9-A1A6-52B08A4DED58}.Release|x86.ActiveCfg = Release|x86
		{3CFC11E3-A3DA-48C9-A1A6-52B08A4DED58}.Release|x86.Build.0 = Release|x86
		{97A944DD-8650-49C4-99BE-B56E3FF8CD81}.Debug|Any CPU.ActiveCfg = Debug|Any CPU
		{97A944DD-8650-49C4-99BE-B56E3FF8CD81}.Debug|Any CPU.Build.0 = Debug|Any CPU
		{97A944DD-8650-49C4-99BE-B56E3FF8CD81}.Debug|x64.ActiveCfg = Debug|x64
		{97A944DD-8650-49C4-99BE-B56E3FF8CD81}.Debug|x64.Build.0 = Debug|x64
		{97A944DD-8650-49C4-99BE-B56E3FF8CD81}.Debug|x86.ActiveCfg = Debug|x86
		{97A944DD-8650-49C4-99BE-B56E3FF8CD81}.Debug|x86.Build.0 = Debug|x86
		{97A944DD-8650-49C4-99BE-B56E3FF8CD81}.Release|Any CPU.ActiveCfg = Release|Any CPU
		{97A944DD-8650-49C4-99BE-B56E3FF8CD81}.Release|Any CPU.Build.0 = Release|Any CPU
		{97A944DD-8650-49C4-99BE-B56E3FF8CD81}.Release|x64.ActiveCfg = Release|x64
		{97A944DD-8650-49C4-99BE-B56E3FF8CD81}.Release|x64.Build.0 = Release|x64
		{97A944DD-8650-49C4-99BE-B56E3FF8CD81}.Release|x86.ActiveCfg = Release|x86
		{97A944DD-8650-49C4-99BE-B56E3FF8CD81}.Release|x86.Build.0 = Release|x86
		{4A861AB7-0118-4DB2-BC09-4E5D9BBFC293}.Debug|Any CPU.ActiveCfg = Debug|Any CPU
		{4A861AB7-0118-4DB2-BC09-4E5D9BBFC293}.Debug|Any CPU.Build.0 = Debug|Any CPU
		{4A861AB7-0118-4DB2-BC09-4E5D9BBFC293}.Debug|x64.ActiveCfg = Debug|x64
		{4A861AB7-0118-4DB2-BC09-4E5D9BBFC293}.Debug|x64.Build.0 = Debug|x64
		{4A861AB7-0118-4DB2-BC09-4E5D9BBFC293}.Debug|x86.ActiveCfg = Debug|x86
		{4A861AB7-0118-4DB2-BC09-4E5D9BBFC293}.Debug|x86.Build.0 = Debug|x86
		{4A861AB7-0118-4DB2-BC09-4E5D9BBFC293}.Release|Any CPU.ActiveCfg = Release|Any CPU
		{4A861AB7-0118-4DB2-BC09-4E5D9BBFC293}.Release|Any CPU.Build.0 = Release|Any CPU
		{4A861AB7-0118-4DB2-BC09-4E5D9BBFC293}.Release|x64.ActiveCfg = Release|x64
		{4A861AB7-0118-4DB2-BC09-4E5D9BBFC293}.Release|x64.Build.0 = Release|x64
		{4A861AB7-0118-4DB2-BC09-4E5D9BBFC293}.Release|x86.ActiveCfg = Release|x86
		{4A861AB7-0118-4DB2-BC09-4E5D9BBFC293}.Release|x86.Build.0 = Release|x86
		{08666F02-59BC-4F3F-86DD-B7B02A2C4307}.Debug|Any CPU.ActiveCfg = Debug|Any CPU
		{08666F02-59BC-4F3F-86DD-B7B02A2C4307}.Debug|Any CPU.Build.0 = Debug|Any CPU
		{08666F02-59BC-4F3F-86DD-B7B02A2C4307}.Debug|x64.ActiveCfg = Debug|x64
		{08666F02-59BC-4F3F-86DD-B7B02A2C4307}.Debug|x64.Build.0 = Debug|x64
		{08666F02-59BC-4F3F-86DD-B7B02A2C4307}.Debug|x86.ActiveCfg = Debug|x86
		{08666F02-59BC-4F3F-86DD-B7B02A2C4307}.Debug|x86.Build.0 = Debug|x86
		{08666F02-59BC-4F3F-86DD-B7B02A2C4307}.Release|Any CPU.ActiveCfg = Release|Any CPU
		{08666F02-59BC-4F3F-86DD-B7B02A2C4307}.Release|Any CPU.Build.0 = Release|Any CPU
		{08666F02-59BC-4F3F-86DD-B7B02A2C4307}.Release|x64.ActiveCfg = Release|x64
		{08666F02-59BC-4F3F-86DD-B7B02A2C4307}.Release|x64.Build.0 = Release|x64
		{08666F02-59BC-4F3F-86DD-B7B02A2C4307}.Release|x86.ActiveCfg = Release|x86
		{08666F02-59BC-4F3F-86DD-B7B02A2C4307}.Release|x86.Build.0 = Release|x86
		{D0F2B33A-2D31-4FA5-B10B-77342317ADC0}.Debug|Any CPU.ActiveCfg = Debug|Any CPU
		{D0F2B33A-2D31-4FA5-B10B-77342317ADC0}.Debug|Any CPU.Build.0 = Debug|Any CPU
		{D0F2B33A-2D31-4FA5-B10B-77342317ADC0}.Debug|x64.ActiveCfg = Debug|x64
		{D0F2B33A-2D31-4FA5-B10B-77342317ADC0}.Debug|x64.Build.0 = Debug|x64
		{D0F2B33A-2D31-4FA5-B10B-77342317ADC0}.Debug|x86.ActiveCfg = Debug|x86
		{D0F2B33A-2D31-4FA5-B10B-77342317ADC0}.Debug|x86.Build.0 = Debug|x86
		{D0F2B33A-2D31-4FA5-B10B-77342317ADC0}.Release|Any CPU.ActiveCfg = Release|Any CPU
		{D0F2B33A-2D31-4FA5-B10B-77342317ADC0}.Release|Any CPU.Build.0 = Release|Any CPU
		{D0F2B33A-2D31-4FA5-B10B-77342317ADC0}.Release|x64.ActiveCfg = Release|x64
		{D0F2B33A-2D31-4FA5-B10B-77342317ADC0}.Release|x64.Build.0 = Release|x64
		{D0F2B33A-2D31-4FA5-B10B-77342317ADC0}.Release|x86.ActiveCfg = Release|x86
		{D0F2B33A-2D31-4FA5-B10B-77342317ADC0}.Release|x86.Build.0 = Release|x86
		{650C13A3-C1D5-4472-B493-D7E64BEFBD93}.Debug|Any CPU.ActiveCfg = Debug|Any CPU
		{650C13A3-C1D5-4472-B493-D7E64BEFBD93}.Debug|Any CPU.Build.0 = Debug|Any CPU
		{650C13A3-C1D5-4472-B493-D7E64BEFBD93}.Debug|x64.ActiveCfg = Debug|x64
		{650C13A3-C1D5-4472-B493-D7E64BEFBD93}.Debug|x64.Build.0 = Debug|x64
		{650C13A3-C1D5-4472-B493-D7E64BEFBD93}.Debug|x86.ActiveCfg = Debug|x86
		{650C13A3-C1D5-4472-B493-D7E64BEFBD93}.Debug|x86.Build.0 = Debug|x86
		{650C13A3-C1D5-4472-B493-D7E64BEFBD93}.Release|Any CPU.ActiveCfg = Release|Any CPU
		{650C13A3-C1D5-4472-B493-D7E64BEFBD93}.Release|Any CPU.Build.0 = Release|Any CPU
		{650C13A3-C1D5-4472-B493-D7E64BEFBD93}.Release|x64.ActiveCfg = Release|x64
		{650C13A3-C1D5-4472-B493-D7E64BEFBD93}.Release|x64.Build.0 = Release|x64
		{650C13A3-C1D5-4472-B493-D7E64BEFBD93}.Release|x86.ActiveCfg = Release|x86
		{650C13A3-C1D5-4472-B493-D7E64BEFBD93}.Release|x86.Build.0 = Release|x86
	EndGlobalSection
	GlobalSection(SolutionProperties) = preSolution
		HideSolutionNode = FALSE
	EndGlobalSection
	GlobalSection(NestedProjects) = preSolution
		{5A7FB8AE-C1D7-412A-8882-E9E952A9256F} = {006ABA80-93C1-4F03-A708-6CE4A64F9D96}
		{A098E49C-3A39-40FB-86A1-68891B9CCE4C} = {C177DD4E-6797-4D72-B878-5DDE18744CF8}
		{B279BD06-45E6-4785-B4D9-EEF8A392CF32} = {6D558BD6-45C5-4EAE-9B3B-5FADFF0E47F0}
		{C4635DF6-CC42-434F-ABF9-A23DCBBC9DEB} = {6D558BD6-45C5-4EAE-9B3B-5FADFF0E47F0}
		{FB97FABA-1CB0-4A26-969F-3CA9EB63EC25} = {2AED6DF4-5681-4295-9259-EEFC8A9DB156}
		{9E8D4873-A6AB-46A1-BEF9-2E21DE8E45F3} = {2AED6DF4-5681-4295-9259-EEFC8A9DB156}
		{7EFDDC46-2887-45C0-8CA9-C640E6ED5119} = {0228220B-6D62-4719-86A1-CC5B996FE04A}
		{5C126BE2-A806-4E1D-92C8-FBF6C5A25866} = {006ABA80-93C1-4F03-A708-6CE4A64F9D96}
		{1DE742E3-CDD4-4ABF-BD33-AC439EBAAC32} = {006ABA80-93C1-4F03-A708-6CE4A64F9D96}
		{918C91CF-4713-4620-B9C0-8EEC95E5A9B6} = {006ABA80-93C1-4F03-A708-6CE4A64F9D96}
		{321E4106-ADFE-4FAB-8279-77171D94DF21} = {006ABA80-93C1-4F03-A708-6CE4A64F9D96}
		{7A8A79DA-AE67-47A9-86BF-586D86EA7093} = {006ABA80-93C1-4F03-A708-6CE4A64F9D96}
		{B47536EF-06E1-4AF2-8253-938AE63D8DDF} = {FF9911B3-50E6-4621-B059-332E67010C19}
		{478FD457-8ECB-46AA-85F5-902B9D7F9D1D} = {0228220B-6D62-4719-86A1-CC5B996FE04A}
		{18AB9C0D-A4A8-49C5-A864-8143FBFD8160} = {C93E3E5B-73AF-4562-9F48-619692B8B8E9}
		{FA28BD85-5030-4697-A992-7B75EC8961A1} = {0228220B-6D62-4719-86A1-CC5B996FE04A}
		{55BE1B71-8C6E-4FBB-8FB6-1F969AE7309A} = {C177DD4E-6797-4D72-B878-5DDE18744CF8}
		{BE74B75E-50B4-4B67-AEAF-CE184A2088EA} = {C177DD4E-6797-4D72-B878-5DDE18744CF8}
		{308F1C49-7CA1-4D8E-860F-D6A8309D99DF} = {6D558BD6-45C5-4EAE-9B3B-5FADFF0E47F0}
		{EF80E25C-405C-42B9-9AC6-BE5873B8D76C} = {C177DD4E-6797-4D72-B878-5DDE18744CF8}
		{D123E0F1-7B31-475D-9C10-E9563CF55479} = {0228220B-6D62-4719-86A1-CC5B996FE04A}
		{3CFC11E3-A3DA-48C9-A1A6-52B08A4DED58} = {C93E3E5B-73AF-4562-9F48-619692B8B8E9}
		{97A944DD-8650-49C4-99BE-B56E3FF8CD81} = {6D558BD6-45C5-4EAE-9B3B-5FADFF0E47F0}
		{4A861AB7-0118-4DB2-BC09-4E5D9BBFC293} = {0228220B-6D62-4719-86A1-CC5B996FE04A}
		{08666F02-59BC-4F3F-86DD-B7B02A2C4307} = {0228220B-6D62-4719-86A1-CC5B996FE04A}
		{D0F2B33A-2D31-4FA5-B10B-77342317ADC0} = {006ABA80-93C1-4F03-A708-6CE4A64F9D96}
		{650C13A3-C1D5-4472-B493-D7E64BEFBD93} = {C93E3E5B-73AF-4562-9F48-619692B8B8E9}
	EndGlobalSection
EndGlobal
